Microsoft Visual Studio Solution File, Format Version 12.00
# Visual Studio Version 17
VisualStudioVersion = 17.5.2.0
MinimumVisualStudioVersion = 10.0.40219.1
Project("{9A19103F-16F7-4668-BE54-9A1E7A4F7556}") = "realtime-api-dotnet", "realtime-api-dotnet.csproj", "{E00F8105-AE6F-B034-A368-BA516AC2DC1C}"
EndProject
Project("{9A19103F-16F7-4668-BE54-9A1E7A4F7556}") = "DatabaseImporter", "..\DatabaseImporter\DatabaseImporter.csproj", "{8DFDBB97-CDC7-4755-8AE3-D07C5F8C87D9}"
EndProject
Global
	GlobalSection(SolutionConfigurationPlatforms) = preSolution
		Debug|Any CPU = Debug|Any CPU
		Release|Any CPU = Release|Any CPU
	EndGlobalSection
	GlobalSection(ProjectConfigurationPlatforms) = postSolution
		{E00F8105-AE6F-B034-A368-BA516AC2DC1C}.Debug|Any CPU.ActiveCfg = Debug|Any CPU
		{E00F8105-AE6F-B034-A368-BA516AC2DC1C}.Debug|Any CPU.Build.0 = Debug|Any CPU
		{E00F8105-AE6F-B034-A368-BA516AC2DC1C}.Release|Any CPU.ActiveCfg = Release|Any CPU
		{E00F8105-AE6F-B034-A368-BA516AC2DC1C}.Release|Any CPU.Build.0 = Release|Any CPU
		{8DFDBB97-CDC7-4755-8AE3-D07C5F8C87D9}.Debug|Any CPU.ActiveCfg = Debug|Any CPU
		{8DFDBB97-CDC7-4755-8AE3-D07C5F8C87D9}.Debug|Any CPU.Build.0 = Debug|Any CPU
		{8DFDBB97-CDC7-4755-8AE3-D07C5F8C87D9}.Release|Any CPU.ActiveCfg = Release|Any CPU
		{8DFDBB97-CDC7-4755-8AE3-D07C5F8C87D9}.Release|Any CPU.Build.0 = Release|Any CPU
	EndGlobalSection
	GlobalSection(SolutionProperties) = preSolution
		HideSolutionNode = FALSE
	EndGlobalSection
	GlobalSection(ExtensibilityGlobals) = postSolution
		SolutionGuid = {2B3CC8C0-7629-437C-8252-302B8117D057}
	EndGlobalSection
EndGlobal
